
Microsoft Visual Studio Solution File, Format Version 12.00
# Visual Studio Version 17
VisualStudioVersion = 17.10.35122.118
MinimumVisualStudioVersion = 10.0.40219.1
Project("{FAE04EC0-301F-11D3-BF4B-00C04F79EFBC}") = "ExamOOP", "ExamOOP\ExamOOP.csproj", "{498E0473-1E62-41A0-8FF3-ACCEE53360E1}"
EndProject
Global
	GlobalSection(SolutionConfigurationPlatforms) = preSolution
		Debug|Any CPU = Debug|Any CPU
		Release|Any CPU = Release|Any CPU
	EndGlobalSection
	GlobalSection(ProjectConfigurationPlatforms) = postSolution
		{498E0473-1E62-41A0-8FF3-ACCEE53360E1}.Debug|Any CPU.ActiveCfg = Debug|Any CPU
		{498E0473-1E62-41A0-8FF3-ACCEE53360E1}.Debug|Any CPU.Build.0 = Debug|Any CPU
		{498E0473-1E62-41A0-8FF3-ACCEE53360E1}.Release|Any CPU.ActiveCfg = Release|Any CPU
		{498E0473-1E62-41A0-8FF3-ACCEE53360E1}.Release|Any CPU.Build.0 = Release|Any CPU
	EndGlobalSection
	GlobalSection(SolutionProperties) = preSolution
		HideSolutionNode = FALSE
	EndGlobalSection
	GlobalSection(ExtensibilityGlobals) = postSolution
		SolutionGuid = {9A8D812F-42B6-4C56-BECF-A53849AE3DF0}
	EndGlobalSection
EndGlobal
